
Microsoft Visual Studio Solution File, Format Version 12.00
# Visual Studio Version 16
VisualStudioVersion = 16.0.31613.86
MinimumVisualStudioVersion = 10.0.40219.1
Project("{FAE04EC0-301F-11D3-BF4B-00C04F79EFBC}") = "VegaIDE_V2.Server", "VegaIDE_V2\Server\VegaIDE_V2.Server.csproj", "{3C5F393C-75B5-40EF-8C20-733E12609123}"
EndProject
Project("{FAE04EC0-301F-11D3-BF4B-00C04F79EFBC}") = "VegaIDE_V2.Client", "VegaIDE_V2\Client\VegaIDE_V2.Client.csproj", "{75F7930D-9B63-4846-8B45-E8AC6B48F8CD}"
EndProject
Project("{FAE04EC0-301F-11D3-BF4B-00C04F79EFBC}") = "VegaIDE_V2.Shared", "VegaIDE_V2\Shared\VegaIDE_V2.Shared.csproj", "{FEE70722-9A2C-4889-9F63-3C47F53E31AE}"
EndProject
Global
	GlobalSection(SolutionConfigurationPlatforms) = preSolution
		Debug|Any CPU = Debug|Any CPU
		Release|Any CPU = Release|Any CPU
	EndGlobalSection
	GlobalSection(ProjectConfigurationPlatforms) = postSolution
		{3C5F393C-75B5-40EF-8C20-733E12609123}.Debug|Any CPU.ActiveCfg = Debug|Any CPU
		{3C5F393C-75B5-40EF-8C20-733E12609123}.Debug|Any CPU.Build.0 = Debug|Any CPU
		{3C5F393C-75B5-40EF-8C20-733E12609123}.Release|Any CPU.ActiveCfg = Release|Any CPU
		{3C5F393C-75B5-40EF-8C20-733E12609123}.Release|Any CPU.Build.0 = Release|Any CPU
		{75F7930D-9B63-4846-8B45-E8AC6B48F8CD}.Debug|Any CPU.ActiveCfg = Debug|Any CPU
		{75F7930D-9B63-4846-8B45-E8AC6B48F8CD}.Debug|Any CPU.Build.0 = Debug|Any CPU
		{75F7930D-9B63-4846-8B45-E8AC6B48F8CD}.Release|Any CPU.ActiveCfg = Release|Any CPU
		{75F7930D-9B63-4846-8B45-E8AC6B48F8CD}.Release|Any CPU.Build.0 = Release|Any CPU
		{FEE70722-9A2C-4889-9F63-3C47F53E31AE}.Debug|Any CPU.ActiveCfg = Debug|Any CPU
		{FEE70722-9A2C-4889-9F63-3C47F53E31AE}.Debug|Any CPU.Build.0 = Debug|Any CPU
		{FEE70722-9A2C-4889-9F63-3C47F53E31AE}.Release|Any CPU.ActiveCfg = Release|Any CPU
		{FEE70722-9A2C-4889-9F63-3C47F53E31AE}.Release|Any CPU.Build.0 = Release|Any CPU
	EndGlobalSection
	GlobalSection(SolutionProperties) = preSolution
		HideSolutionNode = FALSE
	EndGlobalSection
	GlobalSection(ExtensibilityGlobals) = postSolution
		SolutionGuid = {E40C1E97-1B6F-448D-80CE-C8B82CFA3D5E}
	EndGlobalSection
EndGlobal
